// !$*UTF8*$!
{
	archiveVersion = 1;
	classes = {
	};
	objectVersion = 46;
	objects = {

/* Begin PBXBuildFile section */
		B4B3CD7E18F4529800760B2E /* Foundation.framework in Frameworks */ = {isa = PBXBuildFile; fileRef = B4B3CD7D18F4529800760B2E /* Foundation.framework */; };
		B4B3CD8018F4529800760B2E /* CoreGraphics.framework in Frameworks */ = {isa = PBXBuildFile; fileRef = B4B3CD7F18F4529800760B2E /* CoreGraphics.framework */; };
		B4B3CD8218F4529800760B2E /* UIKit.framework in Frameworks */ = {isa = PBXBuildFile; fileRef = B4B3CD8118F4529800760B2E /* UIKit.framework */; };
		B4B3CD8818F4529800760B2E /* InfoPlist.strings in Resources */ = {isa = PBXBuildFile; fileRef = B4B3CD8618F4529800760B2E /* InfoPlist.strings */; };
		B4B3CD8A18F4529800760B2E /* main.m in Sources */ = {isa = PBXBuildFile; fileRef = B4B3CD8918F4529800760B2E /* main.m */; };
		B4B3CD8E18F4529800760B2E /* TKAppDelegate.m in Sources */ = {isa = PBXBuildFile; fileRef = B4B3CD8D18F4529800760B2E /* TKAppDelegate.m */; };
		B4B3CD9118F4529800760B2E /* Main.storyboard in Resources */ = {isa = PBXBuildFile; fileRef = B4B3CD8F18F4529800760B2E /* Main.storyboard */; };
		B4B3CD9418F4529800760B2E /* TKViewController.m in Sources */ = {isa = PBXBuildFile; fileRef = B4B3CD9318F4529800760B2E /* TKViewController.m */; };
		B4B3CD9618F4529800760B2E /* Images.xcassets in Resources */ = {isa = PBXBuildFile; fileRef = B4B3CD9518F4529800760B2E /* Images.xcassets */; };
		B4B3CD9D18F4529800760B2E /* XCTest.framework in Frameworks */ = {isa = PBXBuildFile; fileRef = B4B3CD9C18F4529800760B2E /* XCTest.framework */; };
		B4B3CD9E18F4529800760B2E /* Foundation.framework in Frameworks */ = {isa = PBXBuildFile; fileRef = B4B3CD7D18F4529800760B2E /* Foundation.framework */; };
		B4B3CD9F18F4529800760B2E /* UIKit.framework in Frameworks */ = {isa = PBXBuildFile; fileRef = B4B3CD8118F4529800760B2E /* UIKit.framework */; };
		B4B3CDA718F4529800760B2E /* InfoPlist.strings in Resources */ = {isa = PBXBuildFile; fileRef = B4B3CDA518F4529800760B2E /* InfoPlist.strings */; };
		B4B3CDA918F4529800760B2E /* TKTestViewControllerTests.m in Sources */ = {isa = PBXBuildFile; fileRef = B4B3CDA818F4529800760B2E /* TKTestViewControllerTests.m */; };
/* End PBXBuildFile section */

/* Begin PBXContainerItemProxy section */
		B4B3CDA018F4529800760B2E /* PBXContainerItemProxy */ = {
			isa = PBXContainerItemProxy;
			containerPortal = B4B3CD7218F4529800760B2E /* Project object */;
			proxyType = 1;
			remoteGlobalIDString = B4B3CD7918F4529800760B2E;
			remoteInfo = TKTestViewController;
		};
/* End PBXContainerItemProxy section */

/* Begin PBXFileReference section */
		B4B3CD7A18F4529800760B2E /* TKTestViewController.app */ = {isa = PBXFileReference; explicitFileType = wrapper.application; includeInIndex = 0; path = TKTestViewController.app; sourceTree = BUILT_PRODUCTS_DIR; };
		B4B3CD7D18F4529800760B2E /* Foundation.framework */ = {isa = PBXFileReference; lastKnownFileType = wrapper.framework; name = Foundation.framework; path = System/Library/Frameworks/Foundation.framework; sourceTree = SDKROOT; };
		B4B3CD7F18F4529800760B2E /* CoreGraphics.framework */ = {isa = PBXFileReference; lastKnownFileType = wrapper.framework; name = CoreGraphics.framework; path = System/Library/Frameworks/CoreGraphics.framework; sourceTree = SDKROOT; };
		B4B3CD8118F4529800760B2E /* UIKit.framework */ = {isa = PBXFileReference; lastKnownFileType = wrapper.framework; name = UIKit.framework; path = System/Library/Frameworks/UIKit.framework; sourceTree = SDKROOT; };
		B4B3CD8518F4529800760B2E /* TKTestViewController-Info.plist */ = {isa = PBXFileReference; lastKnownFileType = text.plist.xml; path = "TKTestViewController-Info.plist"; sourceTree = "<group>"; };
		B4B3CD8718F4529800760B2E /* en */ = {isa = PBXFileReference; lastKnownFileType = text.plist.strings; name = en; path = en.lproj/InfoPlist.strings; sourceTree = "<group>"; };
		B4B3CD8918F4529800760B2E /* main.m */ = {isa = PBXFileReference; lastKnownFileType = sourcecode.c.objc; path = main.m; sourceTree = "<group>"; };
		B4B3CD8B18F4529800760B2E /* TKTestViewController-Prefix.pch */ = {isa = PBXFileReference; lastKnownFileType = sourcecode.c.h; path = "TKTestViewController-Prefix.pch"; sourceTree = "<group>"; };
		B4B3CD8C18F4529800760B2E /* TKAppDelegate.h */ = {isa = PBXFileReference; lastKnownFileType = sourcecode.c.h; path = TKAppDelegate.h; sourceTree = "<group>"; };
		B4B3CD8D18F4529800760B2E /* TKAppDelegate.m */ = {isa = PBXFileReference; lastKnownFileType = sourcecode.c.objc; path = TKAppDelegate.m; sourceTree = "<group>"; };
		B4B3CD9018F4529800760B2E /* Base */ = {isa = PBXFileReference; lastKnownFileType = file.storyboard; name = Base; path = Base.lproj/Main.storyboard; sourceTree = "<group>"; };
		B4B3CD9218F4529800760B2E /* TKViewController.h */ = {isa = PBXFileReference; lastKnownFileType = sourcecode.c.h; path = TKViewController.h; sourceTree = "<group>"; };
		B4B3CD9318F4529800760B2E /* TKViewController.m */ = {isa = PBXFileReference; lastKnownFileType = sourcecode.c.objc; path = TKViewController.m; sourceTree = "<group>"; };
		B4B3CD9518F4529800760B2E /* Images.xcassets */ = {isa = PBXFileReference; lastKnownFileType = folder.assetcatalog; path = Images.xcassets; sourceTree = "<group>"; };
		B4B3CD9B18F4529800760B2E /* TKTestViewControllerTests.xctest */ = {isa = PBXFileReference; explicitFileType = wrapper.cfbundle; includeInIndex = 0; path = TKTestViewControllerTests.xctest; sourceTree = BUILT_PRODUCTS_DIR; };
		B4B3CD9C18F4529800760B2E /* XCTest.framework */ = {isa = PBXFileReference; lastKnownFileType = wrapper.framework; name = XCTest.framework; path = Library/Frameworks/XCTest.framework; sourceTree = DEVELOPER_DIR; };
		B4B3CDA418F4529800760B2E /* TKTestViewControllerTests-Info.plist */ = {isa = PBXFileReference; lastKnownFileType = text.plist.xml; path = "TKTestViewControllerTests-Info.plist"; sourceTree = "<group>"; };
		B4B3CDA618F4529800760B2E /* en */ = {isa = PBXFileReference; lastKnownFileType = text.plist.strings; name = en; path = en.lproj/InfoPlist.strings; sourceTree = "<group>"; };
		B4B3CDA818F4529800760B2E /* TKTestViewControllerTests.m */ = {isa = PBXFileReference; lastKnownFileType = sourcecode.c.objc; path = TKTestViewControllerTests.m; sourceTree = "<group>"; };
/* End PBXFileReference section */

/* Begin PBXFrameworksBuildPhase section */
		B4B3CD7718F4529800760B2E /* Frameworks */ = {
			isa = PBXFrameworksBuildPhase;
			buildActionMask = 2147483647;
			files = (
				B4B3CD8018F4529800760B2E /* CoreGraphics.framework in Frameworks */,
				B4B3CD8218F4529800760B2E /* UIKit.framework in Frameworks */,
				B4B3CD7E18F4529800760B2E /* Foundation.framework in Frameworks */,
			);
			runOnlyForDeploymentPostprocessing = 0;
		};
		B4B3CD9818F4529800760B2E /* Frameworks */ = {
			isa = PBXFrameworksBuildPhase;
			buildActionMask = 2147483647;
			files = (
				B4B3CD9D18F4529800760B2E /* XCTest.framework in Frameworks */,
				B4B3CD9F18F4529800760B2E /* UIKit.framework in Frameworks */,
				B4B3CD9E18F4529800760B2E /* Foundation.framework in Frameworks */,
			);
			runOnlyForDeploymentPostprocessing = 0;
		};
/* End PBXFrameworksBuildPhase section */

/* Begin PBXGroup section */
		B4B3CD7118F4529800760B2E = {
			isa = PBXGroup;
			children = (
				B4B3CD8318F4529800760B2E /* TKTestViewController */,
				B4B3CDA218F4529800760B2E /* TKTestViewControllerTests */,
				B4B3CD7C18F4529800760B2E /* Frameworks */,
				B4B3CD7B18F4529800760B2E /* Products */,
			);
			sourceTree = "<group>";
		};
		B4B3CD7B18F4529800760B2E /* Products */ = {
			isa = PBXGroup;
			children = (
				B4B3CD7A18F4529800760B2E /* TKTestViewController.app */,
				B4B3CD9B18F4529800760B2E /* TKTestViewControllerTests.xctest */,
			);
			name = Products;
			sourceTree = "<group>";
		};
		B4B3CD7C18F4529800760B2E /* Frameworks */ = {
			isa = PBXGroup;
			children = (
				B4B3CD7D18F4529800760B2E /* Foundation.framework */,
				B4B3CD7F18F4529800760B2E /* CoreGraphics.framework */,
				B4B3CD8118F4529800760B2E /* UIKit.framework */,
				B4B3CD9C18F4529800760B2E /* XCTest.framework */,
			);
			name = Frameworks;
			sourceTree = "<group>";
		};
		B4B3CD8318F4529800760B2E /* TKTestViewController */ = {
			isa = PBXGroup;
			children = (
				B4B3CD8C18F4529800760B2E /* TKAppDelegate.h */,
				B4B3CD8D18F4529800760B2E /* TKAppDelegate.m */,
				B4B3CD8F18F4529800760B2E /* Main.storyboard */,
				B4B3CD9218F4529800760B2E /* TKViewController.h */,
				B4B3CD9318F4529800760B2E /* TKViewController.m */,
				B4B3CD9518F4529800760B2E /* Images.xcassets */,
				B4B3CD8418F4529800760B2E /* Supporting Files */,
			);
			path = TKTestViewController;
			sourceTree = "<group>";
		};
		B4B3CD8418F4529800760B2E /* Supporting Files */ = {
			isa = PBXGroup;
			children = (
				B4B3CD8518F4529800760B2E /* TKTestViewController-Info.plist */,
				B4B3CD8618F4529800760B2E /* InfoPlist.strings */,
				B4B3CD8918F4529800760B2E /* main.m */,
				B4B3CD8B18F4529800760B2E /* TKTestViewController-Prefix.pch */,
			);
			name = "Supporting Files";
			sourceTree = "<group>";
		};
		B4B3CDA218F4529800760B2E /* TKTestViewControllerTests */ = {
			isa = PBXGroup;
			children = (
				B4B3CDA818F4529800760B2E /* TKTestViewControllerTests.m */,
				B4B3CDA318F4529800760B2E /* Supporting Files */,
			);
			path = TKTestViewControllerTests;
			sourceTree = "<group>";
		};
		B4B3CDA318F4529800760B2E /* Supporting Files */ = {
			isa = PBXGroup;
			children = (
				B4B3CDA418F4529800760B2E /* TKTestViewControllerTests-Info.plist */,
				B4B3CDA518F4529800760B2E /* InfoPlist.strings */,
			);
			name = "Supporting Files";
			sourceTree = "<group>";
		};
/* End PBXGroup section */

/* Begin PBXNativeTarget section */
		B4B3CD7918F4529800760B2E /* TKTestViewController */ = {
			isa = PBXNativeTarget;
			buildConfigurationList = B4B3CDAC18F4529800760B2E /* Build configuration list for PBXNativeTarget "TKTestViewController" */;
			buildPhases = (
				B4B3CD7618F4529800760B2E /* Sources */,
				B4B3CD7718F4529800760B2E /* Frameworks */,
				B4B3CD7818F4529800760B2E /* Resources */,
			);
			buildRules = (
			);
			dependencies = (
			);
			name = TKTestViewController;
			productName = TKTestViewController;
			productReference = B4B3CD7A18F4529800760B2E /* TKTestViewController.app */;
			productType = "com.apple.product-type.application";
		};
		B4B3CD9A18F4529800760B2E /* TKTestViewControllerTests */ = {
			isa = PBXNativeTarget;
			buildConfigurationList = B4B3CDAF18F4529800760B2E /* Build configuration list for PBXNativeTarget "TKTestViewControllerTests" */;
			buildPhases = (
				B4B3CD9718F4529800760B2E /* Sources */,
				B4B3CD9818F4529800760B2E /* Frameworks */,
				B4B3CD9918F4529800760B2E /* Resources */,
			);
			buildRules = (
			);
			dependencies = (
				B4B3CDA118F4529800760B2E /* PBXTargetDependency */,
			);
			name = TKTestViewControllerTests;
			productName = TKTestViewControllerTests;
			productReference = B4B3CD9B18F4529800760B2E /* TKTestViewControllerTests.xctest */;
			productType = "com.apple.product-type.bundle.unit-test";
		};
/* End PBXNativeTarget section */

/* Begin PBXProject section */
		B4B3CD7218F4529800760B2E /* Project object */ = {
			isa = PBXProject;
			attributes = {
				CLASSPREFIX = TK;
				LastUpgradeCheck = 0510;
				ORGANIZATIONNAME = "Triệu Khang";
				TargetAttributes = {
					B4B3CD9A18F4529800760B2E = {
						TestTargetID = B4B3CD7918F4529800760B2E;
					};
				};
			};
			buildConfigurationList = B4B3CD7518F4529800760B2E /* Build configuration list for PBXProject "TKTestViewController" */;
			compatibilityVersion = "Xcode 3.2";
			developmentRegion = English;
			hasScannedForEncodings = 0;
			knownRegions = (
				en,
				Base,
			);
			mainGroup = B4B3CD7118F4529800760B2E;
			productRefGroup = B4B3CD7B18F4529800760B2E /* Products */;
			projectDirPath = "";
			projectRoot = "";
			targets = (
				B4B3CD7918F4529800760B2E /* TKTestViewController */,
				B4B3CD9A18F4529800760B2E /* TKTestViewControllerTests */,
			);
		};
/* End PBXProject section */

/* Begin PBXResourcesBuildPhase section */
		B4B3CD7818F4529800760B2E /* Resources */ = {
			isa = PBXResourcesBuildPhase;
			buildActionMask = 2147483647;
			files = (
				B4B3CD9618F4529800760B2E /* Images.xcassets in Resources */,
				B4B3CD8818F4529800760B2E /* InfoPlist.strings in Resources */,
				B4B3CD9118F4529800760B2E /* Main.storyboard in Resources */,
			);
			runOnlyForDeploymentPostprocessing = 0;
		};
		B4B3CD9918F4529800760B2E /* Resources */ = {
			isa = PBXResourcesBuildPhase;
			buildActionMask = 2147483647;
			files = (
				B4B3CDA718F4529800760B2E /* InfoPlist.strings in Resources */,
			);
			runOnlyForDeploymentPostprocessing = 0;
		};
/* End PBXResourcesBuildPhase section */

/* Begin PBXSourcesBuildPhase section */
		B4B3CD7618F4529800760B2E /* Sources */ = {
			isa = PBXSourcesBuildPhase;
			buildActionMask = 2147483647;
			files = (
				B4B3CD9418F4529800760B2E /* TKViewController.m in Sources */,
				B4B3CD8A18F4529800760B2E /* main.m in Sources */,
				B4B3CD8E18F4529800760B2E /* TKAppDelegate.m in Sources */,
			);
			runOnlyForDeploymentPostprocessing = 0;
		};
		B4B3CD9718F4529800760B2E /* Sources */ = {
			isa = PBXSourcesBuildPhase;
			buildActionMask = 2147483647;
			files = (
				B4B3CDA918F4529800760B2E /* TKTestViewControllerTests.m in Sources */,
			);
			runOnlyForDeploymentPostprocessing = 0;
		};
/* End PBXSourcesBuildPhase section */

/* Begin PBXTargetDependency section */
		B4B3CDA118F4529800760B2E /* PBXTargetDependency */ = {
			isa = PBXTargetDependency;
			target = B4B3CD7918F4529800760B2E /* TKTestViewController */;
			targetProxy = B4B3CDA018F4529800760B2E /* PBXContainerItemProxy */;
		};
/* End PBXTargetDependency section */

/* Begin PBXVariantGroup section */
		B4B3CD8618F4529800760B2E /* InfoPlist.strings */ = {
			isa = PBXVariantGroup;
			children = (
				B4B3CD8718F4529800760B2E /* en */,
			);
			name = InfoPlist.strings;
			sourceTree = "<group>";
		};
		B4B3CD8F18F4529800760B2E /* Main.storyboard */ = {
			isa = PBXVariantGroup;
			children = (
				B4B3CD9018F4529800760B2E /* Base */,
			);
			name = Main.storyboard;
			sourceTree = "<group>";
		};
		B4B3CDA518F4529800760B2E /* InfoPlist.strings */ = {
			isa = PBXVariantGroup;
			children = (
				B4B3CDA618F4529800760B2E /* en */,
			);
			name = InfoPlist.strings;
			sourceTree = "<group>";
		};
/* End PBXVariantGroup section */

/* Begin XCBuildConfiguration section */
		B4B3CDAA18F4529800760B2E /* Debug */ = {
			isa = XCBuildConfiguration;
			buildSettings = {
				ALWAYS_SEARCH_USER_PATHS = NO;
				CLANG_CXX_LANGUAGE_STANDARD = "gnu++0x";
				CLANG_CXX_LIBRARY = "libc++";
				CLANG_ENABLE_MODULES = YES;
				CLANG_ENABLE_OBJC_ARC = YES;
				CLANG_WARN_BOOL_CONVERSION = YES;
				CLANG_WARN_CONSTANT_CONVERSION = YES;
				CLANG_WARN_DIRECT_OBJC_ISA_USAGE = YES_ERROR;
				CLANG_WARN_EMPTY_BODY = YES;
				CLANG_WARN_ENUM_CONVERSION = YES;
				CLANG_WARN_INT_CONVERSION = YES;
				CLANG_WARN_OBJC_ROOT_CLASS = YES_ERROR;
				CLANG_WARN__DUPLICATE_METHOD_MATCH = YES;
				"CODE_SIGN_IDENTITY[sdk=iphoneos*]" = "iPhone Developer";
				COPY_PHASE_STRIP = NO;
				GCC_C_LANGUAGE_STANDARD = gnu99;
				GCC_DYNAMIC_NO_PIC = NO;
				GCC_OPTIMIZATION_LEVEL = 0;
				GCC_PREPROCESSOR_DEFINITIONS = (
					"DEBUG=1",
					"$(inherited)",
				);
				GCC_SYMBOLS_PRIVATE_EXTERN = NO;
				GCC_WARN_64_TO_32_BIT_CONVERSION = YES;
				GCC_WARN_ABOUT_RETURN_TYPE = YES_ERROR;
				GCC_WARN_UNDECLARED_SELECTOR = YES;
				GCC_WARN_UNINITIALIZED_AUTOS = YES_AGGRESSIVE;
				GCC_WARN_UNUSED_FUNCTION = YES;
				GCC_WARN_UNUSED_VARIABLE = YES;
				IPHONEOS_DEPLOYMENT_TARGET = 7.1;
				ONLY_ACTIVE_ARCH = YES;
				SDKROOT = iphoneos;
			};
			name = Debug;
		};
		B4B3CDAB18F4529800760B2E /* Release */ = {
			isa = XCBuildConfiguration;
			buildSettings = {
				ALWAYS_SEARCH_USER_PATHS = NO;
				CLANG_CXX_LANGUAGE_STANDARD = "gnu++0x";
				CLANG_CXX_LIBRARY = "libc++";
				CLANG_ENABLE_MODULES = YES;
				CLANG_ENABLE_OBJC_ARC = YES;
				CLANG_WARN_BOOL_CONVERSION = YES;
				CLANG_WARN_CONSTANT_CONVERSION = YES;
				CLANG_WARN_DIRECT_OBJC_ISA_USAGE = YES_ERROR;
				CLANG_WARN_EMPTY_BODY = YES;
				CLANG_WARN_ENUM_CONVERSION = YES;
				CLANG_WARN_INT_CONVERSION = YES;
				CLANG_WARN_OBJC_ROOT_CLASS = YES_ERROR;
				CLANG_WARN__DUPLICATE_METHOD_MATCH = YES;
				"CODE_SIGN_IDENTITY[sdk=iphoneos*]" = "iPhone Developer";
				COPY_PHASE_STRIP = YES;
				ENABLE_NS_ASSERTIONS = NO;
				GCC_C_LANGUAGE_STANDARD = gnu99;
				GCC_WARN_64_TO_32_BIT_CONVERSION = YES;
				GCC_WARN_ABOUT_RETURN_TYPE = YES_ERROR;
				GCC_WARN_UNDECLARED_SELECTOR = YES;
				GCC_WARN_UNINITIALIZED_AUTOS = YES_AGGRESSIVE;
				GCC_WARN_UNUSED_FUNCTION = YES;
				GCC_WARN_UNUSED_VARIABLE = YES;
				IPHONEOS_DEPLOYMENT_TARGET = 7.1;
				SDKROOT = iphoneos;
				VALIDATE_PRODUCT = YES;
			};
			name = Release;
		};
		B4B3CDAD18F4529800760B2E /* Debug */ = {
			isa = XCBuildConfiguration;
			buildSettings = {
				ASSETCATALOG_COMPILER_APPICON_NAME = AppIcon;
				ASSETCATALOG_COMPILER_LAUNCHIMAGE_NAME = LaunchImage;
				GCC_PRECOMPILE_PREFIX_HEADER = YES;
				GCC_PREFIX_HEADER = "TKTestViewController/TKTestViewController-Prefix.pch";
				INFOPLIST_FILE = "TKTestViewController/TKTestViewController-Info.plist";
				PRODUCT_NAME = "$(TARGET_NAME)";
				WRAPPER_EXTENSION = app;
			};
			name = Debug;
		};
		B4B3CDAE18F4529800760B2E /* Release */ = {
			isa = XCBuildConfiguration;
			buildSettings = {
				ASSETCATALOG_COMPILER_APPICON_NAME = AppIcon;
				ASSETCATALOG_COMPILER_LAUNCHIMAGE_NAME = LaunchImage;
				GCC_PRECOMPILE_PREFIX_HEADER = YES;
				GCC_PREFIX_HEADER = "TKTestViewController/TKTestViewController-Prefix.pch";
				INFOPLIST_FILE = "TKTestViewController/TKTestViewController-Info.plist";
				PRODUCT_NAME = "$(TARGET_NAME)";
				WRAPPER_EXTENSION = app;
			};
			name = Release;
		};
		B4B3CDB018F4529800760B2E /* Debug */ = {
			isa = XCBuildConfiguration;
			buildSettings = {
				BUNDLE_LOADER = "$(BUILT_PRODUCTS_DIR)/TKTestViewController.app/TKTestViewController";
				FRAMEWORK_SEARCH_PATHS = (
					"$(SDKROOT)/Developer/Library/Frameworks",
					"$(inherited)",
					"$(DEVELOPER_FRAMEWORKS_DIR)",
				);
				GCC_PRECOMPILE_PREFIX_HEADER = YES;
				GCC_PREFIX_HEADER = "TKTestViewController/TKTestViewController-Prefix.pch";
				GCC_PREPROCESSOR_DEFINITIONS = (
					"DEBUG=1",
					"$(inherited)",
				);
				INFOPLIST_FILE = "TKTestViewControllerTests/TKTestViewControllerTests-Info.plist";
				PRODUCT_NAME = "$(TARGET_NAME)";
				TEST_HOST = "$(BUNDLE_LOADER)";
				WRAPPER_EXTENSION = xctest;
			};
			name = Debug;
		};
		B4B3CDB118F4529800760B2E /* Release */ = {
			isa = XCBuildConfiguration;
			buildSettings = {
				BUNDLE_LOADER = "$(BUILT_PRODUCTS_DIR)/TKTestViewController.app/TKTestViewController";
				FRAMEWORK_SEARCH_PATHS = (
					"$(SDKROOT)/Developer/Library/Frameworks",
					"$(inherited)",
					"$(DEVELOPER_FRAMEWORKS_DIR)",
				);
				GCC_PRECOMPILE_PREFIX_HEADER = YES;
				GCC_PREFIX_HEADER = "TKTestViewController/TKTestViewController-Prefix.pch";
				INFOPLIST_FILE = "TKTestViewControllerTests/TKTestViewControllerTests-Info.plist";
				PRODUCT_NAME = "$(TARGET_NAME)";
				TEST_HOST = "$(BUNDLE_LOADER)";
				WRAPPER_EXTENSION = xctest;
			};
			name = Release;
		};
/* End XCBuildConfiguration section */

/* Begin XCConfigurationList section */
		B4B3CD7518F4529800760B2E /* Build configuration list for PBXProject "TKTestViewController" */ = {
			isa = XCConfigurationList;
			buildConfigurations = (
				B4B3CDAA18F4529800760B2E /* Debug */,
				B4B3CDAB18F4529800760B2E /* Release */,
			);
			defaultConfigurationIsVisible = 0;
			defaultConfigurationName = Release;
		};
		B4B3CDAC18F4529800760B2E /* Build configuration list for PBXNativeTarget "TKTestViewController" */ = {
			isa = XCConfigurationList;
			buildConfigurations = (
				B4B3CDAD18F4529800760B2E /* Debug */,
				B4B3CDAE18F4529800760B2E /* Release */,
			);
			defaultConfigurationIsVisible = 0;
		};
		B4B3CDAF18F4529800760B2E /* Build configuration list for PBXNativeTarget "TKTestViewControllerTests" */ = {
			isa = XCConfigurationList;
			buildConfigurations = (
				B4B3CDB018F4529800760B2E /* Debug */,
				B4B3CDB118F4529800760B2E /* Release */,
			);
			defaultConfigurationIsVisible = 0;
		};
/* End XCConfigurationList section */
	};
	rootObject = B4B3CD7218F4529800760B2E /* Project object */;
}
